
Microsoft Visual Studio Solution File, Format Version 12.00
#
Project("{F2A71F9B-5D33-465A-A702-920D77279786}") = "Server", "Server\Server.fsproj", "{A7A7FBA7-A439-48D5-A090-960785517315}"
EndProject
Project("{F2A71F9B-5D33-465A-A702-920D77279786}") = "Client", "Client\Client.fsproj", "{9CF9B8ED-DBBA-44F4-B9E6-554F408419CC}"
EndProject
Global
	GlobalSection(SolutionConfigurationPlatforms) = preSolution
		Debug|Any CPU = Debug|Any CPU
		Release|Any CPU = Release|Any CPU
	EndGlobalSection
	GlobalSection(ProjectConfigurationPlatforms) = postSolution
		{A7A7FBA7-A439-48D5-A090-960785517315}.Debug|Any CPU.ActiveCfg = Debug|Any CPU
		{A7A7FBA7-A439-48D5-A090-960785517315}.Debug|Any CPU.Build.0 = Debug|Any CPU
		{A7A7FBA7-A439-48D5-A090-960785517315}.Release|Any CPU.ActiveCfg = Release|Any CPU
		{A7A7FBA7-A439-48D5-A090-960785517315}.Release|Any CPU.Build.0 = Release|Any CPU
		{9CF9B8ED-DBBA-44F4-B9E6-554F408419CC}.Debug|Any CPU.ActiveCfg = Debug|Any CPU
		{9CF9B8ED-DBBA-44F4-B9E6-554F408419CC}.Debug|Any CPU.Build.0 = Debug|Any CPU
		{9CF9B8ED-DBBA-44F4-B9E6-554F408419CC}.Release|Any CPU.ActiveCfg = Release|Any CPU
		{9CF9B8ED-DBBA-44F4-B9E6-554F408419CC}.Release|Any CPU.Build.0 = Release|Any CPU
	EndGlobalSection
EndGlobal
